
Microsoft Visual Studio Solution File, Format Version 12.00
# Visual Studio 15
VisualStudioVersion = 15.0.27130.2024
MinimumVisualStudioVersion = 10.0.40219.1
Project("{FAE04EC0-301F-11D3-BF4B-00C04F79EFBC}") = "SilkwayAPI", "SilkwayAPI\SilkwayAPI.csproj", "{C0FF4F8A-0770-449C-BB6F-CE3141D7C8FC}"
EndProject
Global
	GlobalSection(SolutionConfigurationPlatforms) = preSolution
		Debug|Any CPU = Debug|Any CPU
		Release|Any CPU = Release|Any CPU
	EndGlobalSection
	GlobalSection(ProjectConfigurationPlatforms) = postSolution
		{C0FF4F8A-0770-449C-BB6F-CE3141D7C8FC}.Debug|Any CPU.ActiveCfg = Debug|Any CPU
		{C0FF4F8A-0770-449C-BB6F-CE3141D7C8FC}.Debug|Any CPU.Build.0 = Debug|Any CPU
		{C0FF4F8A-0770-449C-BB6F-CE3141D7C8FC}.Release|Any CPU.ActiveCfg = Release|Any CPU
		{C0FF4F8A-0770-449C-BB6F-CE3141D7C8FC}.Release|Any CPU.Build.0 = Release|Any CPU
	EndGlobalSection
	GlobalSection(SolutionProperties) = preSolution
		HideSolutionNode = FALSE
	EndGlobalSection
	GlobalSection(ExtensibilityGlobals) = postSolution
		SolutionGuid = {B0C07903-447D-4CD6-8050-1EEA555A72A2}
	EndGlobalSection
EndGlobal
